
Microsoft Visual Studio Solution File, Format Version 12.00
# Visual Studio Version 16
VisualStudioVersion = 16.0.30320.27
MinimumVisualStudioVersion = 10.0.40219.1
Project("{FAE04EC0-301F-11D3-BF4B-00C04F79EFBC}") = "BookingAutomated.Selenium.Tests", "BookingAutomtated.Selenium.Tests\BookingAutomated.Selenium.Tests.csproj", "{3A842BA0-E825-4143-A317-434C21284CF9}"
EndProject
Project("{2150E333-8FDC-42A3-9474-1A3956D46DE8}") = "Solution Items", "Solution Items", "{52269C4F-3C83-45CD-B7F7-3C93E0153B9A}"
EndProject
Global
	GlobalSection(SolutionConfigurationPlatforms) = preSolution
		Debug|Any CPU = Debug|Any CPU
		Release|Any CPU = Release|Any CPU
	EndGlobalSection
	GlobalSection(ProjectConfigurationPlatforms) = postSolution
		{3A842BA0-E825-4143-A317-434C21284CF9}.Debug|Any CPU.ActiveCfg = Debug|Any CPU
		{3A842BA0-E825-4143-A317-434C21284CF9}.Debug|Any CPU.Build.0 = Debug|Any CPU
		{3A842BA0-E825-4143-A317-434C21284CF9}.Release|Any CPU.ActiveCfg = Release|Any CPU
		{3A842BA0-E825-4143-A317-434C21284CF9}.Release|Any CPU.Build.0 = Release|Any CPU
	EndGlobalSection
	GlobalSection(SolutionProperties) = preSolution
		HideSolutionNode = FALSE
	EndGlobalSection
	GlobalSection(ExtensibilityGlobals) = postSolution
		SolutionGuid = {88C30DD1-101B-4294-A29D-10CF9621D1C3}
	EndGlobalSection
EndGlobal
